// !$*UTF8*$!
{
	archiveVersion = 1;
	classes = {
	};
	objectVersion = 56;
	objects = {

/* Begin PBXBuildFile section */
		C93BB82A29A97363001D43D1 /* AppDelegate.swift in Sources */ = {isa = PBXBuildFile; fileRef = C93BB82929A97363001D43D1 /* AppDelegate.swift */; };
		C93BB82C29A97363001D43D1 /* SceneDelegate.swift in Sources */ = {isa = PBXBuildFile; fileRef = C93BB82B29A97363001D43D1 /* SceneDelegate.swift */; };
		C93BB82E29A97363001D43D1 /* ViewController.swift in Sources */ = {isa = PBXBuildFile; fileRef = C93BB82D29A97363001D43D1 /* ViewController.swift */; };
		C93BB83129A97363001D43D1 /* Main.storyboard in Resources */ = {isa = PBXBuildFile; fileRef = C93BB82F29A97363001D43D1 /* Main.storyboard */; };
		C93BB83329A97364001D43D1 /* Assets.xcassets in Resources */ = {isa = PBXBuildFile; fileRef = C93BB83229A97364001D43D1 /* Assets.xcassets */; };
		C93BB83629A97364001D43D1 /* LaunchScreen.storyboard in Resources */ = {isa = PBXBuildFile; fileRef = C93BB83429A97364001D43D1 /* LaunchScreen.storyboard */; };
		C93BB84129A97365001D43D1 /* Intro612Tests.swift in Sources */ = {isa = PBXBuildFile; fileRef = C93BB84029A97365001D43D1 /* Intro612Tests.swift */; };
		C93BB84B29A97365001D43D1 /* Intro612UITests.swift in Sources */ = {isa = PBXBuildFile; fileRef = C93BB84A29A97365001D43D1 /* Intro612UITests.swift */; };
		C93BB84D29A97365001D43D1 /* Intro612UITestsLaunchTests.swift in Sources */ = {isa = PBXBuildFile; fileRef = C93BB84C29A97365001D43D1 /* Intro612UITestsLaunchTests.swift */; };
		C93BB85A29A97A1A001D43D1 /* ViewController2.swift in Sources */ = {isa = PBXBuildFile; fileRef = C93BB85929A97A1A001D43D1 /* ViewController2.swift */; };
/* End PBXBuildFile section */

/* Begin PBXContainerItemProxy section */
		C93BB83D29A97365001D43D1 /* PBXContainerItemProxy */ = {
			isa = PBXContainerItemProxy;
			containerPortal = C93BB81E29A97363001D43D1 /* Project object */;
			proxyType = 1;
			remoteGlobalIDString = C93BB82529A97363001D43D1;
			remoteInfo = Intro612;
		};
		C93BB84729A97365001D43D1 /* PBXContainerItemProxy */ = {
			isa = PBXContainerItemProxy;
			containerPortal = C93BB81E29A97363001D43D1 /* Project object */;
			proxyType = 1;
			remoteGlobalIDString = C93BB82529A97363001D43D1;
			remoteInfo = Intro612;
		};
/* End PBXContainerItemProxy section */

/* Begin PBXFileReference section */
		C93BB82629A97363001D43D1 /* Intro612.app */ = {isa = PBXFileReference; explicitFileType = wrapper.application; includeInIndex = 0; path = Intro612.app; sourceTree = BUILT_PRODUCTS_DIR; };
		C93BB82929A97363001D43D1 /* AppDelegate.swift */ = {isa = PBXFileReference; lastKnownFileType = sourcecode.swift; path = AppDelegate.swift; sourceTree = "<group>"; };
		C93BB82B29A97363001D43D1 /* SceneDelegate.swift */ = {isa = PBXFileReference; lastKnownFileType = sourcecode.swift; path = SceneDelegate.swift; sourceTree = "<group>"; };
		C93BB82D29A97363001D43D1 /* ViewController.swift */ = {isa = PBXFileReference; lastKnownFileType = sourcecode.swift; path = ViewController.swift; sourceTree = "<group>"; };
		C93BB83029A97363001D43D1 /* Base */ = {isa = PBXFileReference; lastKnownFileType = file.storyboard; name = Base; path = Base.lproj/Main.storyboard; sourceTree = "<group>"; };
		C93BB83229A97364001D43D1 /* Assets.xcassets */ = {isa = PBXFileReference; lastKnownFileType = folder.assetcatalog; path = Assets.xcassets; sourceTree = "<group>"; };
		C93BB83529A97364001D43D1 /* Base */ = {isa = PBXFileReference; lastKnownFileType = file.storyboard; name = Base; path = Base.lproj/LaunchScreen.storyboard; sourceTree = "<group>"; };
		C93BB83729A97364001D43D1 /* Info.plist */ = {isa = PBXFileReference; lastKnownFileType = text.plist.xml; path = Info.plist; sourceTree = "<group>"; };
		C93BB83C29A97365001D43D1 /* Intro612Tests.xctest */ = {isa = PBXFileReference; explicitFileType = wrapper.cfbundle; includeInIndex = 0; path = Intro612Tests.xctest; sourceTree = BUILT_PRODUCTS_DIR; };
		C93BB84029A97365001D43D1 /* Intro612Tests.swift */ = {isa = PBXFileReference; lastKnownFileType = sourcecode.swift; path = Intro612Tests.swift; sourceTree = "<group>"; };
		C93BB84629A97365001D43D1 /* Intro612UITests.xctest */ = {isa = PBXFileReference; explicitFileType = wrapper.cfbundle; includeInIndex = 0; path = Intro612UITests.xctest; sourceTree = BUILT_PRODUCTS_DIR; };
		C93BB84A29A97365001D43D1 /* Intro612UITests.swift */ = {isa = PBXFileReference; lastKnownFileType = sourcecode.swift; path = Intro612UITests.swift; sourceTree = "<group>"; };
		C93BB84C29A97365001D43D1 /* Intro612UITestsLaunchTests.swift */ = {isa = PBXFileReference; lastKnownFileType = sourcecode.swift; path = Intro612UITestsLaunchTests.swift; sourceTree = "<group>"; };
		C93BB85929A97A1A001D43D1 /* ViewController2.swift */ = {isa = PBXFileReference; lastKnownFileType = sourcecode.swift; path = ViewController2.swift; sourceTree = "<group>"; };
/* End PBXFileReference section */

/* Begin PBXFrameworksBuildPhase section */
		C93BB82329A97363001D43D1 /* Frameworks */ = {
			isa = PBXFrameworksBuildPhase;
			buildActionMask = 2147483647;
			files = (
			);
			runOnlyForDeploymentPostprocessing = 0;
		};
		C93BB83929A97365001D43D1 /* Frameworks */ = {
			isa = PBXFrameworksBuildPhase;
			buildActionMask = 2147483647;
			files = (
			);
			runOnlyForDeploymentPostprocessing = 0;
		};
		C93BB84329A97365001D43D1 /* Frameworks */ = {
			isa = PBXFrameworksBuildPhase;
			buildActionMask = 2147483647;
			files = (
			);
			runOnlyForDeploymentPostprocessing = 0;
		};
/* End PBXFrameworksBuildPhase section */

/* Begin PBXGroup section */
		C93BB81D29A97363001D43D1 = {
			isa = PBXGroup;
			children = (
				C93BB82829A97363001D43D1 /* Intro612 */,
				C93BB83F29A97365001D43D1 /* Intro612Tests */,
				C93BB84929A97365001D43D1 /* Intro612UITests */,
				C93BB82729A97363001D43D1 /* Products */,
			);
			sourceTree = "<group>";
		};
		C93BB82729A97363001D43D1 /* Products */ = {
			isa = PBXGroup;
			children = (
				C93BB82629A97363001D43D1 /* Intro612.app */,
				C93BB83C29A97365001D43D1 /* Intro612Tests.xctest */,
				C93BB84629A97365001D43D1 /* Intro612UITests.xctest */,
			);
			name = Products;
			sourceTree = "<group>";
		};
		C93BB82829A97363001D43D1 /* Intro612 */ = {
			isa = PBXGroup;
			children = (
				C93BB82929A97363001D43D1 /* AppDelegate.swift */,
				C93BB82B29A97363001D43D1 /* SceneDelegate.swift */,
				C93BB82D29A97363001D43D1 /* ViewController.swift */,
				C93BB85929A97A1A001D43D1 /* ViewController2.swift */,
				C93BB82F29A97363001D43D1 /* Main.storyboard */,
				C93BB83229A97364001D43D1 /* Assets.xcassets */,
				C93BB83429A97364001D43D1 /* LaunchScreen.storyboard */,
				C93BB83729A97364001D43D1 /* Info.plist */,
			);
			path = Intro612;
			sourceTree = "<group>";
		};
		C93BB83F29A97365001D43D1 /* Intro612Tests */ = {
			isa = PBXGroup;
			children = (
				C93BB84029A97365001D43D1 /* Intro612Tests.swift */,
			);
			path = Intro612Tests;
			sourceTree = "<group>";
		};
		C93BB84929A97365001D43D1 /* Intro612UITests */ = {
			isa = PBXGroup;
			children = (
				C93BB84A29A97365001D43D1 /* Intro612UITests.swift */,
				C93BB84C29A97365001D43D1 /* Intro612UITestsLaunchTests.swift */,
			);
			path = Intro612UITests;
			sourceTree = "<group>";
		};
/* End PBXGroup section */

/* Begin PBXNativeTarget section */
		C93BB82529A97363001D43D1 /* Intro612 */ = {
			isa = PBXNativeTarget;
			buildConfigurationList = C93BB85029A97365001D43D1 /* Build configuration list for PBXNativeTarget "Intro612" */;
			buildPhases = (
				C93BB82229A97363001D43D1 /* Sources */,
				C93BB82329A97363001D43D1 /* Frameworks */,
				C93BB82429A97363001D43D1 /* Resources */,
			);
			buildRules = (
			);
			dependencies = (
			);
			name = Intro612;
			productName = Intro612;
			productReference = C93BB82629A97363001D43D1 /* Intro612.app */;
			productType = "com.apple.product-type.application";
		};
		C93BB83B29A97365001D43D1 /* Intro612Tests */ = {
			isa = PBXNativeTarget;
			buildConfigurationList = C93BB85329A97365001D43D1 /* Build configuration list for PBXNativeTarget "Intro612Tests" */;
			buildPhases = (
				C93BB83829A97365001D43D1 /* Sources */,
				C93BB83929A97365001D43D1 /* Frameworks */,
				C93BB83A29A97365001D43D1 /* Resources */,
			);
			buildRules = (
			);
			dependencies = (
				C93BB83E29A97365001D43D1 /* PBXTargetDependency */,
			);
			name = Intro612Tests;
			productName = Intro612Tests;
			productReference = C93BB83C29A97365001D43D1 /* Intro612Tests.xctest */;
			productType = "com.apple.product-type.bundle.unit-test";
		};
		C93BB84529A97365001D43D1 /* Intro612UITests */ = {
			isa = PBXNativeTarget;
			buildConfigurationList = C93BB85629A97365001D43D1 /* Build configuration list for PBXNativeTarget "Intro612UITests" */;
			buildPhases = (
				C93BB84229A97365001D43D1 /* Sources */,
				C93BB84329A97365001D43D1 /* Frameworks */,
				C93BB84429A97365001D43D1 /* Resources */,
			);
			buildRules = (
			);
			dependencies = (
				C93BB84829A97365001D43D1 /* PBXTargetDependency */,
			);
			name = Intro612UITests;
			productName = Intro612UITests;
			productReference = C93BB84629A97365001D43D1 /* Intro612UITests.xctest */;
			productType = "com.apple.product-type.bundle.ui-testing";
		};
/* End PBXNativeTarget section */

/* Begin PBXProject section */
		C93BB81E29A97363001D43D1 /* Project object */ = {
			isa = PBXProject;
			attributes = {
				BuildIndependentTargetsInParallel = 1;
				LastSwiftUpdateCheck = 1420;
				LastUpgradeCheck = 1420;
				TargetAttributes = {
					C93BB82529A97363001D43D1 = {
						CreatedOnToolsVersion = 14.2;
					};
					C93BB83B29A97365001D43D1 = {
						CreatedOnToolsVersion = 14.2;
						TestTargetID = C93BB82529A97363001D43D1;
					};
					C93BB84529A97365001D43D1 = {
						CreatedOnToolsVersion = 14.2;
						TestTargetID = C93BB82529A97363001D43D1;
					};
				};
			};
			buildConfigurationList = C93BB82129A97363001D43D1 /* Build configuration list for PBXProject "Intro612" */;
			compatibilityVersion = "Xcode 14.0";
			developmentRegion = en;
			hasScannedForEncodings = 0;
			knownRegions = (
				en,
				Base,
			);
			mainGroup = C93BB81D29A97363001D43D1;
			productRefGroup = C93BB82729A97363001D43D1 /* Products */;
			projectDirPath = "";
			projectRoot = "";
			targets = (
				C93BB82529A97363001D43D1 /* Intro612 */,
				C93BB83B29A97365001D43D1 /* Intro612Tests */,
				C93BB84529A97365001D43D1 /* Intro612UITests */,
			);
		};
/* End PBXProject section */

/* Begin PBXResourcesBuildPhase section */
		C93BB82429A97363001D43D1 /* Resources */ = {
			isa = PBXResourcesBuildPhase;
			buildActionMask = 2147483647;
			files = (
				C93BB83629A97364001D43D1 /* LaunchScreen.storyboard in Resources */,
				C93BB83329A97364001D43D1 /* Assets.xcassets in Resources */,
				C93BB83129A97363001D43D1 /* Main.storyboard in Resources */,
			);
			runOnlyForDeploymentPostprocessing = 0;
		};
		C93BB83A29A97365001D43D1 /* Resources */ = {
			isa = PBXResourcesBuildPhase;
			buildActionMask = 2147483647;
			files = (
			);
			runOnlyForDeploymentPostprocessing = 0;
		};
		C93BB84429A97365001D43D1 /* Resources */ = {
			isa = PBXResourcesBuildPhase;
			buildActionMask = 2147483647;
			files = (
			);
			runOnlyForDeploymentPostprocessing = 0;
		};
/* End PBXResourcesBuildPhase section */

/* Begin PBXSourcesBuildPhase section */
		C93BB82229A97363001D43D1 /* Sources */ = {
			isa = PBXSourcesBuildPhase;
			buildActionMask = 2147483647;
			files = (
				C93BB82E29A97363001D43D1 /* ViewController.swift in Sources */,
				C93BB85A29A97A1A001D43D1 /* ViewController2.swift in Sources */,
				C93BB82A29A97363001D43D1 /* AppDelegate.swift in Sources */,
				C93BB82C29A97363001D43D1 /* SceneDelegate.swift in Sources */,
			);
			runOnlyForDeploymentPostprocessing = 0;
		};
		C93BB83829A97365001D43D1 /* Sources */ = {
			isa = PBXSourcesBuildPhase;
			buildActionMask = 2147483647;
			files = (
				C93BB84129A97365001D43D1 /* Intro612Tests.swift in Sources */,
			);
			runOnlyForDeploymentPostprocessing = 0;
		};
		C93BB84229A97365001D43D1 /* Sources */ = {
			isa = PBXSourcesBuildPhase;
			buildActionMask = 2147483647;
			files = (
				C93BB84D29A97365001D43D1 /* Intro612UITestsLaunchTests.swift in Sources */,
				C93BB84B29A97365001D43D1 /* Intro612UITests.swift in Sources */,
			);
			runOnlyForDeploymentPostprocessing = 0;
		};
/* End PBXSourcesBuildPhase section */

/* Begin PBXTargetDependency section */
		C93BB83E29A97365001D43D1 /* PBXTargetDependency */ = {
			isa = PBXTargetDependency;
			target = C93BB82529A97363001D43D1 /* Intro612 */;
			targetProxy = C93BB83D29A97365001D43D1 /* PBXContainerItemProxy */;
		};
		C93BB84829A97365001D43D1 /* PBXTargetDependency */ = {
			isa = PBXTargetDependency;
			target = C93BB82529A97363001D43D1 /* Intro612 */;
			targetProxy = C93BB84729A97365001D43D1 /* PBXContainerItemProxy */;
		};
/* End PBXTargetDependency section */

/* Begin PBXVariantGroup section */
		C93BB82F29A97363001D43D1 /* Main.storyboard */ = {
			isa = PBXVariantGroup;
			children = (
				C93BB83029A97363001D43D1 /* Base */,
			);
			name = Main.storyboard;
			sourceTree = "<group>";
		};
		C93BB83429A97364001D43D1 /* LaunchScreen.storyboard */ = {
			isa = PBXVariantGroup;
			children = (
				C93BB83529A97364001D43D1 /* Base */,
			);
			name = LaunchScreen.storyboard;
			sourceTree = "<group>";
		};
/* End PBXVariantGroup section */

/* Begin XCBuildConfiguration section */
		C93BB84E29A97365001D43D1 /* Debug */ = {
			isa = XCBuildConfiguration;
			buildSettings = {
				ALWAYS_SEARCH_USER_PATHS = NO;
				CLANG_ANALYZER_NONNULL = YES;
				CLANG_ANALYZER_NUMBER_OBJECT_CONVERSION = YES_AGGRESSIVE;
				CLANG_CXX_LANGUAGE_STANDARD = "gnu++20";
				CLANG_ENABLE_MODULES = YES;
				CLANG_ENABLE_OBJC_ARC = YES;
				CLANG_ENABLE_OBJC_WEAK = YES;
				CLANG_WARN_BLOCK_CAPTURE_AUTORELEASING = YES;
				CLANG_WARN_BOOL_CONVERSION = YES;
				CLANG_WARN_COMMA = YES;
				CLANG_WARN_CONSTANT_CONVERSION = YES;
				CLANG_WARN_DEPRECATED_OBJC_IMPLEMENTATIONS = YES;
				CLANG_WARN_DIRECT_OBJC_ISA_USAGE = YES_ERROR;
				CLANG_WARN_DOCUMENTATION_COMMENTS = YES;
				CLANG_WARN_EMPTY_BODY = YES;
				CLANG_WARN_ENUM_CONVERSION = YES;
				CLANG_WARN_INFINITE_RECURSION = YES;
				CLANG_WARN_INT_CONVERSION = YES;
				CLANG_WARN_NON_LITERAL_NULL_CONVERSION = YES;
				CLANG_WARN_OBJC_IMPLICIT_RETAIN_SELF = YES;
				CLANG_WARN_OBJC_LITERAL_CONVERSION = YES;
				CLANG_WARN_OBJC_ROOT_CLASS = YES_ERROR;
				CLANG_WARN_QUOTED_INCLUDE_IN_FRAMEWORK_HEADER = YES;
				CLANG_WARN_RANGE_LOOP_ANALYSIS = YES;
				CLANG_WARN_STRICT_PROTOTYPES = YES;
				CLANG_WARN_SUSPICIOUS_MOVE = YES;
				CLANG_WARN_UNGUARDED_AVAILABILITY = YES_AGGRESSIVE;
				CLANG_WARN_UNREACHABLE_CODE = YES;
				CLANG_WARN__DUPLICATE_METHOD_MATCH = YES;
				COPY_PHASE_STRIP = NO;
				DEBUG_INFORMATION_FORMAT = dwarf;
				ENABLE_STRICT_OBJC_MSGSEND = YES;
				ENABLE_TESTABILITY = YES;
				GCC_C_LANGUAGE_STANDARD = gnu11;
				GCC_DYNAMIC_NO_PIC = NO;
				GCC_NO_COMMON_BLOCKS = YES;
				GCC_OPTIMIZATION_LEVEL = 0;
				GCC_PREPROCESSOR_DEFINITIONS = (
					"DEBUG=1",
					"$(inherited)",
				);
				GCC_WARN_64_TO_32_BIT_CONVERSION = YES;
				GCC_WARN_ABOUT_RETURN_TYPE = YES_ERROR;
				GCC_WARN_UNDECLARED_SELECTOR = YES;
				GCC_WARN_UNINITIALIZED_AUTOS = YES_AGGRESSIVE;
				GCC_WARN_UNUSED_FUNCTION = YES;
				GCC_WARN_UNUSED_VARIABLE = YES;
				IPHONEOS_DEPLOYMENT_TARGET = 16.2;
				MTL_ENABLE_DEBUG_INFO = INCLUDE_SOURCE;
				MTL_FAST_MATH = YES;
				ONLY_ACTIVE_ARCH = YES;
				SDKROOT = iphoneos;
				SWIFT_ACTIVE_COMPILATION_CONDITIONS = DEBUG;
				SWIFT_OPTIMIZATION_LEVEL = "-Onone";
			};
			name = Debug;
		};
		C93BB84F29A97365001D43D1 /* Release */ = {
			isa = XCBuildConfiguration;
			buildSettings = {
				ALWAYS_SEARCH_USER_PATHS = NO;
				CLANG_ANALYZER_NONNULL = YES;
				CLANG_ANALYZER_NUMBER_OBJECT_CONVERSION = YES_AGGRESSIVE;
				CLANG_CXX_LANGUAGE_STANDARD = "gnu++20";
				CLANG_ENABLE_MODULES = YES;
				CLANG_ENABLE_OBJC_ARC = YES;
				CLANG_ENABLE_OBJC_WEAK = YES;
				CLANG_WARN_BLOCK_CAPTURE_AUTORELEASING = YES;
				CLANG_WARN_BOOL_CONVERSION = YES;
				CLANG_WARN_COMMA = YES;
				CLANG_WARN_CONSTANT_CONVERSION = YES;
				CLANG_WARN_DEPRECATED_OBJC_IMPLEMENTATIONS = YES;
				CLANG_WARN_DIRECT_OBJC_ISA_USAGE = YES_ERROR;
				CLANG_WARN_DOCUMENTATION_COMMENTS = YES;
				CLANG_WARN_EMPTY_BODY = YES;
				CLANG_WARN_ENUM_CONVERSION = YES;
				CLANG_WARN_INFINITE_RECURSION = YES;
				CLANG_WARN_INT_CONVERSION = YES;
				CLANG_WARN_NON_LITERAL_NULL_CONVERSION = YES;
				CLANG_WARN_OBJC_IMPLICIT_RETAIN_SELF = YES;
				CLANG_WARN_OBJC_LITERAL_CONVERSION = YES;
				CLANG_WARN_OBJC_ROOT_CLASS = YES_ERROR;
				CLANG_WARN_QUOTED_INCLUDE_IN_FRAMEWORK_HEADER = YES;
				CLANG_WARN_RANGE_LOOP_ANALYSIS = YES;
				CLANG_WARN_STRICT_PROTOTYPES = YES;
				CLANG_WARN_SUSPICIOUS_MOVE = YES;
				CLANG_WARN_UNGUARDED_AVAILABILITY = YES_AGGRESSIVE;
				CLANG_WARN_UNREACHABLE_CODE = YES;
				CLANG_WARN__DUPLICATE_METHOD_MATCH = YES;
				COPY_PHASE_STRIP = NO;
				DEBUG_INFORMATION_FORMAT = "dwarf-with-dsym";
				ENABLE_NS_ASSERTIONS = NO;
				ENABLE_STRICT_OBJC_MSGSEND = YES;
				GCC_C_LANGUAGE_STANDARD = gnu11;
				GCC_NO_COMMON_BLOCKS = YES;
				GCC_WARN_64_TO_32_BIT_CONVERSION = YES;
				GCC_WARN_ABOUT_RETURN_TYPE = YES_ERROR;
				GCC_WARN_UNDECLARED_SELECTOR = YES;
				GCC_WARN_UNINITIALIZED_AUTOS = YES_AGGRESSIVE;
				GCC_WARN_UNUSED_FUNCTION = YES;
				GCC_WARN_UNUSED_VARIABLE = YES;
				IPHONEOS_DEPLOYMENT_TARGET = 16.2;
				MTL_ENABLE_DEBUG_INFO = NO;
				MTL_FAST_MATH = YES;
				SDKROOT = iphoneos;
				SWIFT_COMPILATION_MODE = wholemodule;
				SWIFT_OPTIMIZATION_LEVEL = "-O";
				VALIDATE_PRODUCT = YES;
			};
			name = Release;
		};
		C93BB85129A97365001D43D1 /* Debug */ = {
			isa = XCBuildConfiguration;
			buildSettings = {
				ASSETCATALOG_COMPILER_APPICON_NAME = AppIcon;
				ASSETCATALOG_COMPILER_GLOBAL_ACCENT_COLOR_NAME = AccentColor;
				CODE_SIGN_STYLE = Automatic;
				CURRENT_PROJECT_VERSION = 1;
				DEVELOPMENT_TEAM = U5XJYGF797;
				GENERATE_INFOPLIST_FILE = YES;
				INFOPLIST_FILE = Intro612/Info.plist;
				INFOPLIST_KEY_UIApplicationSupportsIndirectInputEvents = YES;
				INFOPLIST_KEY_UILaunchStoryboardName = LaunchScreen;
				INFOPLIST_KEY_UIMainStoryboardFile = Main;
				INFOPLIST_KEY_UISupportedInterfaceOrientations_iPad = "UIInterfaceOrientationPortrait UIInterfaceOrientationPortraitUpsideDown UIInterfaceOrientationLandscapeLeft UIInterfaceOrientationLandscapeRight";
				INFOPLIST_KEY_UISupportedInterfaceOrientations_iPhone = "UIInterfaceOrientationPortrait UIInterfaceOrientationLandscapeLeft UIInterfaceOrientationLandscapeRight";
				LD_RUNPATH_SEARCH_PATHS = (
					"$(inherited)",
					"@executable_path/Frameworks",
				);
				MARKETING_VERSION = 1.0;
				PRODUCT_BUNDLE_IDENTIFIER = org.someponch.Intro612;
				PRODUCT_NAME = "$(TARGET_NAME)";
				SWIFT_EMIT_LOC_STRINGS = YES;
				SWIFT_VERSION = 5.0;
				TARGETED_DEVICE_FAMILY = "1,2";
			};
			name = Debug;
		};
		C93BB85229A97365001D43D1 /* Release */ = {
			isa = XCBuildConfiguration;
			buildSettings = {
				ASSETCATALOG_COMPILER_APPICON_NAME = AppIcon;
				ASSETCATALOG_COMPILER_GLOBAL_ACCENT_COLOR_NAME = AccentColor;
				CODE_SIGN_STYLE = Automatic;
				CURRENT_PROJECT_VERSION = 1;
				DEVELOPMENT_TEAM = U5XJYGF797;
				GENERATE_INFOPLIST_FILE = YES;
				INFOPLIST_FILE = Intro612/Info.plist;
				INFOPLIST_KEY_UIApplicationSupportsIndirectInputEvents = YES;
				INFOPLIST_KEY_UILaunchStoryboardName = LaunchScreen;
				INFOPLIST_KEY_UIMainStoryboardFile = Main;
				INFOPLIST_KEY_UISupportedInterfaceOrientations_iPad = "UIInterfaceOrientationPortrait UIInterfaceOrientationPortraitUpsideDown UIInterfaceOrientationLandscapeLeft UIInterfaceOrientationLandscapeRight";
				INFOPLIST_KEY_UISupportedInterfaceOrientations_iPhone = "UIInterfaceOrientationPortrait UIInterfaceOrientationLandscapeLeft UIInterfaceOrientationLandscapeRight";
				LD_RUNPATH_SEARCH_PATHS = (
					"$(inherited)",
					"@executable_path/Frameworks",
				);
				MARKETING_VERSION = 1.0;
				PRODUCT_BUNDLE_IDENTIFIER = org.someponch.Intro612;
				PRODUCT_NAME = "$(TARGET_NAME)";
				SWIFT_EMIT_LOC_STRINGS = YES;
				SWIFT_VERSION = 5.0;
				TARGETED_DEVICE_FAMILY = "1,2";
			};
			name = Release;
		};
		C93BB85429A97365001D43D1 /* Debug */ = {
			isa = XCBuildConfiguration;
			buildSettings = {
				ALWAYS_EMBED_SWIFT_STANDARD_LIBRARIES = YES;
				BUNDLE_LOADER = "$(TEST_HOST)";
				CODE_SIGN_STYLE = Automatic;
				CURRENT_PROJECT_VERSION = 1;
				GENERATE_INFOPLIST_FILE = YES;
				IPHONEOS_DEPLOYMENT_TARGET = 16.2;
				MARKETING_VERSION = 1.0;
				PRODUCT_BUNDLE_IDENTIFIER = org.someponch.Intro612Tests;
				PRODUCT_NAME = "$(TARGET_NAME)";
				SWIFT_EMIT_LOC_STRINGS = NO;
				SWIFT_VERSION = 5.0;
				TARGETED_DEVICE_FAMILY = "1,2";
				TEST_HOST = "$(BUILT_PRODUCTS_DIR)/Intro612.app/$(BUNDLE_EXECUTABLE_FOLDER_PATH)/Intro612";
			};
			name = Debug;
		};
		C93BB85529A97365001D43D1 /* Release */ = {
			isa = XCBuildConfiguration;
			buildSettings = {
				ALWAYS_EMBED_SWIFT_STANDARD_LIBRARIES = YES;
				BUNDLE_LOADER = "$(TEST_HOST)";
				CODE_SIGN_STYLE = Automatic;
				CURRENT_PROJECT_VERSION = 1;
				GENERATE_INFOPLIST_FILE = YES;
				IPHONEOS_DEPLOYMENT_TARGET = 16.2;
				MARKETING_VERSION = 1.0;
				PRODUCT_BUNDLE_IDENTIFIER = org.someponch.Intro612Tests;
				PRODUCT_NAME = "$(TARGET_NAME)";
				SWIFT_EMIT_LOC_STRINGS = NO;
				SWIFT_VERSION = 5.0;
				TARGETED_DEVICE_FAMILY = "1,2";
				TEST_HOST = "$(BUILT_PRODUCTS_DIR)/Intro612.app/$(BUNDLE_EXECUTABLE_FOLDER_PATH)/Intro612";
			};
			name = Release;
		};
		C93BB85729A97365001D43D1 /* Debug */ = {
			isa = XCBuildConfiguration;
			buildSettings = {
				ALWAYS_EMBED_SWIFT_STANDARD_LIBRARIES = YES;
				CODE_SIGN_STYLE = Automatic;
				CURRENT_PROJECT_VERSION = 1;
				GENERATE_INFOPLIST_FILE = YES;
				MARKETING_VERSION = 1.0;
				PRODUCT_BUNDLE_IDENTIFIER = org.someponch.Intro612UITests;
				PRODUCT_NAME = "$(TARGET_NAME)";
				SWIFT_EMIT_LOC_STRINGS = NO;
				SWIFT_VERSION = 5.0;
				TARGETED_DEVICE_FAMILY = "1,2";
				TEST_TARGET_NAME = Intro612;
			};
			name = Debug;
		};
		C93BB85829A97365001D43D1 /* Release */ = {
			isa = XCBuildConfiguration;
			buildSettings = {
				ALWAYS_EMBED_SWIFT_STANDARD_LIBRARIES = YES;
				CODE_SIGN_STYLE = Automatic;
				CURRENT_PROJECT_VERSION = 1;
				GENERATE_INFOPLIST_FILE = YES;
				MARKETING_VERSION = 1.0;
				PRODUCT_BUNDLE_IDENTIFIER = org.someponch.Intro612UITests;
				PRODUCT_NAME = "$(TARGET_NAME)";
				SWIFT_EMIT_LOC_STRINGS = NO;
				SWIFT_VERSION = 5.0;
				TARGETED_DEVICE_FAMILY = "1,2";
				TEST_TARGET_NAME = Intro612;
			};
			name = Release;
		};
/* End XCBuildConfiguration section */

/* Begin XCConfigurationList section */
		C93BB82129A97363001D43D1 /* Build configuration list for PBXProject "Intro612" */ = {
			isa = XCConfigurationList;
			buildConfigurations = (
				C93BB84E29A97365001D43D1 /* Debug */,
				C93BB84F29A97365001D43D1 /* Release */,
			);
			defaultConfigurationIsVisible = 0;
			defaultConfigurationName = Release;
		};
		C93BB85029A97365001D43D1 /* Build configuration list for PBXNativeTarget "Intro612" */ = {
			isa = XCConfigurationList;
			buildConfigurations = (
				C93BB85129A97365001D43D1 /* Debug */,
				C93BB85229A97365001D43D1 /* Release */,
			);
			defaultConfigurationIsVisible = 0;
			defaultConfigurationName = Release;
		};
		C93BB85329A97365001D43D1 /* Build configuration list for PBXNativeTarget "Intro612Tests" */ = {
			isa = XCConfigurationList;
			buildConfigurations = (
				C93BB85429A97365001D43D1 /* Debug */,
				C93BB85529A97365001D43D1 /* Release */,
			);
			defaultConfigurationIsVisible = 0;
			defaultConfigurationName = Release;
		};
		C93BB85629A97365001D43D1 /* Build configuration list for PBXNativeTarget "Intro612UITests" */ = {
			isa = XCConfigurationList;
			buildConfigurations = (
				C93BB85729A97365001D43D1 /* Debug */,
				C93BB85829A97365001D43D1 /* Release */,
			);
			defaultConfigurationIsVisible = 0;
			defaultConfigurationName = Release;
		};
/* End XCConfigurationList section */
	};
	rootObject = C93BB81E29A97363001D43D1 /* Project object */;
}
